// !$*UTF8*$!
{
	archiveVersion = 1;
	classes = {
	};
	objectVersion = 46;
	objects = {

/* Begin PBXBuildFile section */
		9A48CBEB1B697F980031791D /* AppDelegate.swift in Sources */ = {isa = PBXBuildFile; fileRef = 9A48CBEA1B697F980031791D /* AppDelegate.swift */; };
		9A48CBED1B697F980031791D /* ViewController.swift in Sources */ = {isa = PBXBuildFile; fileRef = 9A48CBEC1B697F980031791D /* ViewController.swift */; };
		9A48CBF01B697F980031791D /* Main.storyboard in Resources */ = {isa = PBXBuildFile; fileRef = 9A48CBEE1B697F980031791D /* Main.storyboard */; };
		9A48CBF21B697F980031791D /* Images.xcassets in Resources */ = {isa = PBXBuildFile; fileRef = 9A48CBF11B697F980031791D /* Images.xcassets */; };
		9A48CBF51B697F980031791D /* LaunchScreen.xib in Resources */ = {isa = PBXBuildFile; fileRef = 9A48CBF31B697F980031791D /* LaunchScreen.xib */; };
		9A48CC011B697F980031791D /* TestUICollectionPagedTests.swift in Sources */ = {isa = PBXBuildFile; fileRef = 9A48CC001B697F980031791D /* TestUICollectionPagedTests.swift */; };
		9A64DBAC1C328238007033B9 /* ViewController.swift in Sources */ = {isa = PBXBuildFile; fileRef = 9A48CBEC1B697F980031791D /* ViewController.swift */; };
		9A64DBAD1C328238007033B9 /* AppDelegate.swift in Sources */ = {isa = PBXBuildFile; fileRef = 9A48CBEA1B697F980031791D /* AppDelegate.swift */; };
		9A64DBAF1C328238007033B9 /* Pods.framework in Frameworks */ = {isa = PBXBuildFile; fileRef = AB41B1F2DAA298BEE434C4DC /* Pods.framework */; };
		9A64DBB11C328238007033B9 /* Main.storyboard in Resources */ = {isa = PBXBuildFile; fileRef = 9A48CBEE1B697F980031791D /* Main.storyboard */; };
		9A64DBB31C328238007033B9 /* Images.xcassets in Resources */ = {isa = PBXBuildFile; fileRef = 9A48CBF11B697F980031791D /* Images.xcassets */; };
		9A64DBBE1C328239007033B9 /* LaunchScreen.xib in Resources */ = {isa = PBXBuildFile; fileRef = 9A64DBBC1C328239007033B9 /* LaunchScreen.xib */; };
		9A64DBD41C329A14007033B9 /* TestUICollectionPagedUITests.swift in Sources */ = {isa = PBXBuildFile; fileRef = 9A64DBD31C329A14007033B9 /* TestUICollectionPagedUITests.swift */; };
		9AF886911C63504100E43C88 /* fr_FR.txt in Resources */ = {isa = PBXBuildFile; fileRef = 9AF886901C63504100E43C88 /* fr_FR.txt */; };
		9AF886921C63504100E43C88 /* fr_FR.txt in Resources */ = {isa = PBXBuildFile; fileRef = 9AF886901C63504100E43C88 /* fr_FR.txt */; };
		DE2669AC6776AEC75F976319 /* Pods.framework in Frameworks */ = {isa = PBXBuildFile; fileRef = AB41B1F2DAA298BEE434C4DC /* Pods.framework */; };
/* End PBXBuildFile section */

/* Begin PBXContainerItemProxy section */
		9A48CBFB1B697F980031791D /* PBXContainerItemProxy */ = {
			isa = PBXContainerItemProxy;
			containerPortal = 9A48CBDD1B697F980031791D /* Project object */;
			proxyType = 1;
			remoteGlobalIDString = 9A48CBE41B697F980031791D;
			remoteInfo = TestUICollectionPaged;
		};
		9A64DBD61C329A14007033B9 /* PBXContainerItemProxy */ = {
			isa = PBXContainerItemProxy;
			containerPortal = 9A48CBDD1B697F980031791D /* Project object */;
			proxyType = 1;
			remoteGlobalIDString = 9A48CBE41B697F980031791D;
			remoteInfo = TestUICollectionPaged;
		};
/* End PBXContainerItemProxy section */

/* Begin PBXFileReference section */
		6C4A2E2D8796B1670279A42D /* Pods.debug.xcconfig */ = {isa = PBXFileReference; includeInIndex = 1; lastKnownFileType = text.xcconfig; name = Pods.debug.xcconfig; path = "Pods/Target Support Files/Pods/Pods.debug.xcconfig"; sourceTree = "<group>"; };
		9A48CBE51B697F980031791D /* TestUICollectionPaged.app */ = {isa = PBXFileReference; explicitFileType = wrapper.application; includeInIndex = 0; path = TestUICollectionPaged.app; sourceTree = BUILT_PRODUCTS_DIR; };
		9A48CBE91B697F980031791D /* Info.plist */ = {isa = PBXFileReference; lastKnownFileType = text.plist.xml; path = Info.plist; sourceTree = "<group>"; };
		9A48CBEA1B697F980031791D /* AppDelegate.swift */ = {isa = PBXFileReference; lastKnownFileType = sourcecode.swift; path = AppDelegate.swift; sourceTree = "<group>"; };
		9A48CBEC1B697F980031791D /* ViewController.swift */ = {isa = PBXFileReference; lastKnownFileType = sourcecode.swift; path = ViewController.swift; sourceTree = "<group>"; };
		9A48CBEF1B697F980031791D /* Base */ = {isa = PBXFileReference; lastKnownFileType = file.storyboard; name = Base; path = Base.lproj/Main.storyboard; sourceTree = "<group>"; };
		9A48CBF11B697F980031791D /* Images.xcassets */ = {isa = PBXFileReference; lastKnownFileType = folder.assetcatalog; path = Images.xcassets; sourceTree = "<group>"; };
		9A48CBF41B697F980031791D /* Base */ = {isa = PBXFileReference; lastKnownFileType = file.xib; name = Base; path = Base.lproj/LaunchScreen.xib; sourceTree = "<group>"; };
		9A48CBFA1B697F980031791D /* TestUICollectionPagedTests.xctest */ = {isa = PBXFileReference; explicitFileType = wrapper.cfbundle; includeInIndex = 0; path = TestUICollectionPagedTests.xctest; sourceTree = BUILT_PRODUCTS_DIR; };
		9A48CBFF1B697F980031791D /* Info.plist */ = {isa = PBXFileReference; lastKnownFileType = text.plist.xml; path = Info.plist; sourceTree = "<group>"; };
		9A48CC001B697F980031791D /* TestUICollectionPagedTests.swift */ = {isa = PBXFileReference; lastKnownFileType = sourcecode.swift; path = TestUICollectionPagedTests.swift; sourceTree = "<group>"; };
		9A64DBB91C328238007033B9 /* TestUICollectionPaged-iPad.app */ = {isa = PBXFileReference; explicitFileType = wrapper.application; includeInIndex = 0; path = "TestUICollectionPaged-iPad.app"; sourceTree = BUILT_PRODUCTS_DIR; };
		9A64DBBB1C328238007033B9 /* TestUICollectionPaged copy-Info.plist */ = {isa = PBXFileReference; lastKnownFileType = text.plist.xml; name = "TestUICollectionPaged copy-Info.plist"; path = "/Users/fauquettefred/UICollectionViewPaged_Swift/TestUICollectionPaged/TestUICollectionPaged copy-Info.plist"; sourceTree = "<absolute>"; };
		9A64DBBD1C328239007033B9 /* Base */ = {isa = PBXFileReference; lastKnownFileType = file.xib; name = Base; path = "Resources-iPad/TestUICollectionPaged/Base.lproj/LaunchScreen.xib"; sourceTree = "<group>"; };
		9A64DBD11C329A14007033B9 /* TestUICollectionPagedUITests.xctest */ = {isa = PBXFileReference; explicitFileType = wrapper.cfbundle; includeInIndex = 0; path = TestUICollectionPagedUITests.xctest; sourceTree = BUILT_PRODUCTS_DIR; };
		9A64DBD31C329A14007033B9 /* TestUICollectionPagedUITests.swift */ = {isa = PBXFileReference; lastKnownFileType = sourcecode.swift; path = TestUICollectionPagedUITests.swift; sourceTree = "<group>"; };
		9A64DBD51C329A14007033B9 /* Info.plist */ = {isa = PBXFileReference; lastKnownFileType = text.plist.xml; path = Info.plist; sourceTree = "<group>"; };
		9A7AD77C7A4E8644CF11CA83 /* Pods.release.xcconfig */ = {isa = PBXFileReference; includeInIndex = 1; lastKnownFileType = text.xcconfig; name = Pods.release.xcconfig; path = "Pods/Target Support Files/Pods/Pods.release.xcconfig"; sourceTree = "<group>"; };
		9AF886901C63504100E43C88 /* fr_FR.txt */ = {isa = PBXFileReference; fileEncoding = 4; lastKnownFileType = text; name = fr_FR.txt; path = Translations/fr_FR.txt; sourceTree = "<group>"; };
		AB41B1F2DAA298BEE434C4DC /* Pods.framework */ = {isa = PBXFileReference; explicitFileType = wrapper.framework; includeInIndex = 0; path = Pods.framework; sourceTree = BUILT_PRODUCTS_DIR; };
/* End PBXFileReference section */

/* Begin PBXFrameworksBuildPhase section */
		9A48CBE21B697F980031791D /* Frameworks */ = {
			isa = PBXFrameworksBuildPhase;
			buildActionMask = 2147483647;
			files = (
				DE2669AC6776AEC75F976319 /* Pods.framework in Frameworks */,
			);
			runOnlyForDeploymentPostprocessing = 0;
		};
		9A48CBF71B697F980031791D /* Frameworks */ = {
			isa = PBXFrameworksBuildPhase;
			buildActionMask = 2147483647;
			files = (
			);
			runOnlyForDeploymentPostprocessing = 0;
		};
		9A64DBAE1C328238007033B9 /* Frameworks */ = {
			isa = PBXFrameworksBuildPhase;
			buildActionMask = 2147483647;
			files = (
				9A64DBAF1C328238007033B9 /* Pods.framework in Frameworks */,
			);
			runOnlyForDeploymentPostprocessing = 0;
		};
		9A64DBCE1C329A14007033B9 /* Frameworks */ = {
			isa = PBXFrameworksBuildPhase;
			buildActionMask = 2147483647;
			files = (
			);
			runOnlyForDeploymentPostprocessing = 0;
		};
/* End PBXFrameworksBuildPhase section */

/* Begin PBXGroup section */
		1731BBB594085C2F3BE2524E /* Frameworks */ = {
			isa = PBXGroup;
			children = (
				AB41B1F2DAA298BEE434C4DC /* Pods.framework */,
			);
			name = Frameworks;
			sourceTree = "<group>";
		};
		9A48CBDC1B697F980031791D = {
			isa = PBXGroup;
			children = (
				9AF886901C63504100E43C88 /* fr_FR.txt */,
				9A64DBBA1C328238007033B9 /* Resources-iPad */,
				9A48CBE71B697F980031791D /* TestUICollectionPaged */,
				9A48CBFD1B697F980031791D /* TestUICollectionPagedTests */,
				9A64DBD21C329A14007033B9 /* TestUICollectionPagedUITests */,
				9A48CBE61B697F980031791D /* Products */,
				B95965D254AADAD85868561A /* Pods */,
				1731BBB594085C2F3BE2524E /* Frameworks */,
				9A64DBBB1C328238007033B9 /* TestUICollectionPaged copy-Info.plist */,
			);
			sourceTree = "<group>";
		};
		9A48CBE61B697F980031791D /* Products */ = {
			isa = PBXGroup;
			children = (
				9A48CBE51B697F980031791D /* TestUICollectionPaged.app */,
				9A48CBFA1B697F980031791D /* TestUICollectionPagedTests.xctest */,
				9A64DBB91C328238007033B9 /* TestUICollectionPaged-iPad.app */,
				9A64DBD11C329A14007033B9 /* TestUICollectionPagedUITests.xctest */,
			);
			name = Products;
			sourceTree = "<group>";
		};
		9A48CBE71B697F980031791D /* TestUICollectionPaged */ = {
			isa = PBXGroup;
			children = (
				9A48CBEA1B697F980031791D /* AppDelegate.swift */,
				9A48CBEC1B697F980031791D /* ViewController.swift */,
				9A48CBEE1B697F980031791D /* Main.storyboard */,
				9A48CBF11B697F980031791D /* Images.xcassets */,
				9A48CBF31B697F980031791D /* LaunchScreen.xib */,
				9A48CBE81B697F980031791D /* Supporting Files */,
			);
			path = TestUICollectionPaged;
			sourceTree = "<group>";
		};
		9A48CBE81B697F980031791D /* Supporting Files */ = {
			isa = PBXGroup;
			children = (
				9A48CBE91B697F980031791D /* Info.plist */,
			);
			name = "Supporting Files";
			sourceTree = "<group>";
		};
		9A48CBFD1B697F980031791D /* TestUICollectionPagedTests */ = {
			isa = PBXGroup;
			children = (
				9A48CC001B697F980031791D /* TestUICollectionPagedTests.swift */,
				9A48CBFE1B697F980031791D /* Supporting Files */,
			);
			path = TestUICollectionPagedTests;
			sourceTree = "<group>";
		};
		9A48CBFE1B697F980031791D /* Supporting Files */ = {
			isa = PBXGroup;
			children = (
				9A48CBFF1B697F980031791D /* Info.plist */,
			);
			name = "Supporting Files";
			sourceTree = "<group>";
		};
		9A64DBBA1C328238007033B9 /* Resources-iPad */ = {
			isa = PBXGroup;
			children = (
				9A64DBBC1C328239007033B9 /* LaunchScreen.xib */,
			);
			name = "Resources-iPad";
			sourceTree = "<group>";
		};
		9A64DBD21C329A14007033B9 /* TestUICollectionPagedUITests */ = {
			isa = PBXGroup;
			children = (
				9A64DBD31C329A14007033B9 /* TestUICollectionPagedUITests.swift */,
				9A64DBD51C329A14007033B9 /* Info.plist */,
			);
			path = TestUICollectionPagedUITests;
			sourceTree = "<group>";
		};
		B95965D254AADAD85868561A /* Pods */ = {
			isa = PBXGroup;
			children = (
				6C4A2E2D8796B1670279A42D /* Pods.debug.xcconfig */,
				9A7AD77C7A4E8644CF11CA83 /* Pods.release.xcconfig */,
			);
			name = Pods;
			sourceTree = "<group>";
		};
/* End PBXGroup section */

/* Begin PBXNativeTarget section */
		9A48CBE41B697F980031791D /* TestUICollectionPaged */ = {
			isa = PBXNativeTarget;
			buildConfigurationList = 9A48CC041B697F980031791D /* Build configuration list for PBXNativeTarget "TestUICollectionPaged" */;
			buildPhases = (
				96CBAF3F3D565412357F1781 /* Check Pods Manifest.lock */,
				9A48CBE11B697F980031791D /* Sources */,
				9A48CBE21B697F980031791D /* Frameworks */,
				9A48CBE31B697F980031791D /* Resources */,
				0491AF05EE0E1CCBBEE79909 /* Embed Pods Frameworks */,
				CA943643C6840B0313CE5577 /* Copy Pods Resources */,
			);
			buildRules = (
			);
			dependencies = (
			);
			name = TestUICollectionPaged;
			productName = TestUICollectionPaged;
			productReference = 9A48CBE51B697F980031791D /* TestUICollectionPaged.app */;
			productType = "com.apple.product-type.application";
		};
		9A48CBF91B697F980031791D /* TestUICollectionPagedTests */ = {
			isa = PBXNativeTarget;
			buildConfigurationList = 9A48CC071B697F980031791D /* Build configuration list for PBXNativeTarget "TestUICollectionPagedTests" */;
			buildPhases = (
				9A48CBF61B697F980031791D /* Sources */,
				9A48CBF71B697F980031791D /* Frameworks */,
				9A48CBF81B697F980031791D /* Resources */,
			);
			buildRules = (
			);
			dependencies = (
				9A48CBFC1B697F980031791D /* PBXTargetDependency */,
			);
			name = TestUICollectionPagedTests;
			productName = TestUICollectionPagedTests;
			productReference = 9A48CBFA1B697F980031791D /* TestUICollectionPagedTests.xctest */;
			productType = "com.apple.product-type.bundle.unit-test";
		};
		9A64DBA91C328238007033B9 /* TestUICollectionPaged-iPad */ = {
			isa = PBXNativeTarget;
			buildConfigurationList = 9A64DBB61C328238007033B9 /* Build configuration list for PBXNativeTarget "TestUICollectionPaged-iPad" */;
			buildPhases = (
				9A64DBAA1C328238007033B9 /* Check Pods Manifest.lock */,
				9A64DBAB1C328238007033B9 /* Sources */,
				9A64DBAE1C328238007033B9 /* Frameworks */,
				9A64DBB01C328238007033B9 /* Resources */,
				9A64DBB41C328238007033B9 /* Embed Pods Frameworks */,
				9A64DBB51C328238007033B9 /* Copy Pods Resources */,
			);
			buildRules = (
			);
			dependencies = (
			);
			name = "TestUICollectionPaged-iPad";
			productName = TestUICollectionPaged;
			productReference = 9A64DBB91C328238007033B9 /* TestUICollectionPaged-iPad.app */;
			productType = "com.apple.product-type.application";
		};
		9A64DBD01C329A14007033B9 /* TestUICollectionPagedUITests */ = {
			isa = PBXNativeTarget;
			buildConfigurationList = 9A64DBD81C329A14007033B9 /* Build configuration list for PBXNativeTarget "TestUICollectionPagedUITests" */;
			buildPhases = (
				9A64DBCD1C329A14007033B9 /* Sources */,
				9A64DBCE1C329A14007033B9 /* Frameworks */,
				9A64DBCF1C329A14007033B9 /* Resources */,
			);
			buildRules = (
			);
			dependencies = (
				9A64DBD71C329A14007033B9 /* PBXTargetDependency */,
			);
			name = TestUICollectionPagedUITests;
			productName = TestUICollectionPagedUITests;
			productReference = 9A64DBD11C329A14007033B9 /* TestUICollectionPagedUITests.xctest */;
			productType = "com.apple.product-type.bundle.ui-testing";
		};
/* End PBXNativeTarget section */

/* Begin PBXProject section */
		9A48CBDD1B697F980031791D /* Project object */ = {
			isa = PBXProject;
			attributes = {
				LastSwiftMigration = 0720;
				LastSwiftUpdateCheck = 0720;
				LastUpgradeCheck = 0640;
				ORGANIZATIONNAME = mobi.inthepocket;
				TargetAttributes = {
					9A48CBE41B697F980031791D = {
						CreatedOnToolsVersion = 6.4;
						DevelopmentTeam = 9E7CS548TK;
					};
					9A48CBF91B697F980031791D = {
						CreatedOnToolsVersion = 6.4;
						TestTargetID = 9A48CBE41B697F980031791D;
					};
					9A64DBA91C328238007033B9 = {
						DevelopmentTeam = 9E7CS548TK;
					};
					9A64DBD01C329A14007033B9 = {
						CreatedOnToolsVersion = 7.2;
						TestTargetID = 9A48CBE41B697F980031791D;
					};
				};
			};
			buildConfigurationList = 9A48CBE01B697F980031791D /* Build configuration list for PBXProject "TestUICollectionPaged" */;
			compatibilityVersion = "Xcode 3.2";
			developmentRegion = English;
			hasScannedForEncodings = 0;
			knownRegions = (
				en,
				Base,
			);
			mainGroup = 9A48CBDC1B697F980031791D;
			productRefGroup = 9A48CBE61B697F980031791D /* Products */;
			projectDirPath = "";
			projectRoot = "";
			targets = (
				9A48CBE41B697F980031791D /* TestUICollectionPaged */,
				9A48CBF91B697F980031791D /* TestUICollectionPagedTests */,
				9A64DBA91C328238007033B9 /* TestUICollectionPaged-iPad */,
				9A64DBD01C329A14007033B9 /* TestUICollectionPagedUITests */,
			);
		};
/* End PBXProject section */

/* Begin PBXResourcesBuildPhase section */
		9A48CBE31B697F980031791D /* Resources */ = {
			isa = PBXResourcesBuildPhase;
			buildActionMask = 2147483647;
			files = (
				9A48CBF01B697F980031791D /* Main.storyboard in Resources */,
				9A48CBF51B697F980031791D /* LaunchScreen.xib in Resources */,
				9AF886911C63504100E43C88 /* fr_FR.txt in Resources */,
				9A48CBF21B697F980031791D /* Images.xcassets in Resources */,
			);
			runOnlyForDeploymentPostprocessing = 0;
		};
		9A48CBF81B697F980031791D /* Resources */ = {
			isa = PBXResourcesBuildPhase;
			buildActionMask = 2147483647;
			files = (
			);
			runOnlyForDeploymentPostprocessing = 0;
		};
		9A64DBB01C328238007033B9 /* Resources */ = {
			isa = PBXResourcesBuildPhase;
			buildActionMask = 2147483647;
			files = (
				9A64DBB11C328238007033B9 /* Main.storyboard in Resources */,
				9A64DBBE1C328239007033B9 /* LaunchScreen.xib in Resources */,
				9AF886921C63504100E43C88 /* fr_FR.txt in Resources */,
				9A64DBB31C328238007033B9 /* Images.xcassets in Resources */,
			);
			runOnlyForDeploymentPostprocessing = 0;
		};
		9A64DBCF1C329A14007033B9 /* Resources */ = {
			isa = PBXResourcesBuildPhase;
			buildActionMask = 2147483647;
			files = (
			);
			runOnlyForDeploymentPostprocessing = 0;
		};
/* End PBXResourcesBuildPhase section */

/* Begin PBXShellScriptBuildPhase section */
		0491AF05EE0E1CCBBEE79909 /* Embed Pods Frameworks */ = {
			isa = PBXShellScriptBuildPhase;
			buildActionMask = 2147483647;
			files = (
			);
			inputPaths = (
			);
			name = "Embed Pods Frameworks";
			outputPaths = (
			);
			runOnlyForDeploymentPostprocessing = 0;
			shellPath = /bin/sh;
			shellScript = "\"${SRCROOT}/Pods/Target Support Files/Pods/Pods-frameworks.sh\"\n";
			showEnvVarsInLog = 0;
		};
		96CBAF3F3D565412357F1781 /* Check Pods Manifest.lock */ = {
			isa = PBXShellScriptBuildPhase;
			buildActionMask = 2147483647;
			files = (
			);
			inputPaths = (
			);
			name = "Check Pods Manifest.lock";
			outputPaths = (
			);
			runOnlyForDeploymentPostprocessing = 0;
			shellPath = /bin/sh;
			shellScript = "diff \"${PODS_ROOT}/../Podfile.lock\" \"${PODS_ROOT}/Manifest.lock\" > /dev/null\nif [[ $? != 0 ]] ; then\n    cat << EOM\nerror: The sandbox is not in sync with the Podfile.lock. Run 'pod install' or update your CocoaPods installation.\nEOM\n    exit 1\nfi\n";
			showEnvVarsInLog = 0;
		};
		9A64DBAA1C328238007033B9 /* Check Pods Manifest.lock */ = {
			isa = PBXShellScriptBuildPhase;
			buildActionMask = 2147483647;
			files = (
			);
			inputPaths = (
			);
			name = "Check Pods Manifest.lock";
			outputPaths = (
			);
			runOnlyForDeploymentPostprocessing = 0;
			shellPath = /bin/sh;
			shellScript = "diff \"${PODS_ROOT}/../Podfile.lock\" \"${PODS_ROOT}/Manifest.lock\" > /dev/null\nif [[ $? != 0 ]] ; then\n    cat << EOM\nerror: The sandbox is not in sync with the Podfile.lock. Run 'pod install' or update your CocoaPods installation.\nEOM\n    exit 1\nfi\n";
			showEnvVarsInLog = 0;
		};
		9A64DBB41C328238007033B9 /* Embed Pods Frameworks */ = {
			isa = PBXShellScriptBuildPhase;
			buildActionMask = 2147483647;
			files = (
			);
			inputPaths = (
			);
			name = "Embed Pods Frameworks";
			outputPaths = (
			);
			runOnlyForDeploymentPostprocessing = 0;
			shellPath = /bin/sh;
			shellScript = "\"${SRCROOT}/Pods/Target Support Files/Pods/Pods-frameworks.sh\"\n";
			showEnvVarsInLog = 0;
		};
		9A64DBB51C328238007033B9 /* Copy Pods Resources */ = {
			isa = PBXShellScriptBuildPhase;
			buildActionMask = 2147483647;
			files = (
			);
			inputPaths = (
			);
			name = "Copy Pods Resources";
			outputPaths = (
			);
			runOnlyForDeploymentPostprocessing = 0;
			shellPath = /bin/sh;
			shellScript = "\"${SRCROOT}/Pods/Target Support Files/Pods/Pods-resources.sh\"\n";
			showEnvVarsInLog = 0;
		};
		CA943643C6840B0313CE5577 /* Copy Pods Resources */ = {
			isa = PBXShellScriptBuildPhase;
			buildActionMask = 2147483647;
			files = (
			);
			inputPaths = (
			);
			name = "Copy Pods Resources";
			outputPaths = (
			);
			runOnlyForDeploymentPostprocessing = 0;
			shellPath = /bin/sh;
			shellScript = "\"${SRCROOT}/Pods/Target Support Files/Pods/Pods-resources.sh\"\n";
			showEnvVarsInLog = 0;
		};
/* End PBXShellScriptBuildPhase section */

/* Begin PBXSourcesBuildPhase section */
		9A48CBE11B697F980031791D /* Sources */ = {
			isa = PBXSourcesBuildPhase;
			buildActionMask = 2147483647;
			files = (
				9A48CBED1B697F980031791D /* ViewController.swift in Sources */,
				9A48CBEB1B697F980031791D /* AppDelegate.swift in Sources */,
			);
			runOnlyForDeploymentPostprocessing = 0;
		};
		9A48CBF61B697F980031791D /* Sources */ = {
			isa = PBXSourcesBuildPhase;
			buildActionMask = 2147483647;
			files = (
				9A48CC011B697F980031791D /* TestUICollectionPagedTests.swift in Sources */,
			);
			runOnlyForDeploymentPostprocessing = 0;
		};
		9A64DBAB1C328238007033B9 /* Sources */ = {
			isa = PBXSourcesBuildPhase;
			buildActionMask = 2147483647;
			files = (
				9A64DBAC1C328238007033B9 /* ViewController.swift in Sources */,
				9A64DBAD1C328238007033B9 /* AppDelegate.swift in Sources */,
			);
			runOnlyForDeploymentPostprocessing = 0;
		};
		9A64DBCD1C329A14007033B9 /* Sources */ = {
			isa = PBXSourcesBuildPhase;
			buildActionMask = 2147483647;
			files = (
				9A64DBD41C329A14007033B9 /* TestUICollectionPagedUITests.swift in Sources */,
			);
			runOnlyForDeploymentPostprocessing = 0;
		};
/* End PBXSourcesBuildPhase section */

/* Begin PBXTargetDependency section */
		9A48CBFC1B697F980031791D /* PBXTargetDependency */ = {
			isa = PBXTargetDependency;
			target = 9A48CBE41B697F980031791D /* TestUICollectionPaged */;
			targetProxy = 9A48CBFB1B697F980031791D /* PBXContainerItemProxy */;
		};
		9A64DBD71C329A14007033B9 /* PBXTargetDependency */ = {
			isa = PBXTargetDependency;
			target = 9A48CBE41B697F980031791D /* TestUICollectionPaged */;
			targetProxy = 9A64DBD61C329A14007033B9 /* PBXContainerItemProxy */;
		};
/* End PBXTargetDependency section */

/* Begin PBXVariantGroup section */
		9A48CBEE1B697F980031791D /* Main.storyboard */ = {
			isa = PBXVariantGroup;
			children = (
				9A48CBEF1B697F980031791D /* Base */,
			);
			name = Main.storyboard;
			sourceTree = "<group>";
		};
		9A48CBF31B697F980031791D /* LaunchScreen.xib */ = {
			isa = PBXVariantGroup;
			children = (
				9A48CBF41B697F980031791D /* Base */,
			);
			name = LaunchScreen.xib;
			sourceTree = "<group>";
		};
		9A64DBBC1C328239007033B9 /* LaunchScreen.xib */ = {
			isa = PBXVariantGroup;
			children = (
				9A64DBBD1C328239007033B9 /* Base */,
			);
			name = LaunchScreen.xib;
			sourceTree = "<group>";
		};
/* End PBXVariantGroup section */

/* Begin XCBuildConfiguration section */
		9A48CC021B697F980031791D /* Debug */ = {
			isa = XCBuildConfiguration;
			buildSettings = {
				ALWAYS_SEARCH_USER_PATHS = NO;
				CLANG_CXX_LANGUAGE_STANDARD = "gnu++0x";
				CLANG_CXX_LIBRARY = "libc++";
				CLANG_ENABLE_MODULES = YES;
				CLANG_ENABLE_OBJC_ARC = YES;
				CLANG_WARN_BOOL_CONVERSION = YES;
				CLANG_WARN_CONSTANT_CONVERSION = YES;
				CLANG_WARN_DIRECT_OBJC_ISA_USAGE = YES_ERROR;
				CLANG_WARN_EMPTY_BODY = YES;
				CLANG_WARN_ENUM_CONVERSION = YES;
				CLANG_WARN_INT_CONVERSION = YES;
				CLANG_WARN_OBJC_ROOT_CLASS = YES_ERROR;
				CLANG_WARN_UNREACHABLE_CODE = YES;
				CLANG_WARN__DUPLICATE_METHOD_MATCH = YES;
				"CODE_SIGN_IDENTITY[sdk=iphoneos*]" = "iPhone Developer";
				COPY_PHASE_STRIP = NO;
				DEBUG_INFORMATION_FORMAT = "dwarf-with-dsym";
				ENABLE_STRICT_OBJC_MSGSEND = YES;
				GCC_C_LANGUAGE_STANDARD = gnu99;
				GCC_DYNAMIC_NO_PIC = NO;
				GCC_NO_COMMON_BLOCKS = YES;
				GCC_OPTIMIZATION_LEVEL = 0;
				GCC_PREPROCESSOR_DEFINITIONS = (
					"DEBUG=1",
					"$(inherited)",
				);
				GCC_SYMBOLS_PRIVATE_EXTERN = NO;
				GCC_WARN_64_TO_32_BIT_CONVERSION = YES;
				GCC_WARN_ABOUT_RETURN_TYPE = YES_ERROR;
				GCC_WARN_UNDECLARED_SELECTOR = YES;
				GCC_WARN_UNINITIALIZED_AUTOS = YES_AGGRESSIVE;
				GCC_WARN_UNUSED_FUNCTION = YES;
				GCC_WARN_UNUSED_VARIABLE = YES;
				IPHONEOS_DEPLOYMENT_TARGET = 8.4;
				MTL_ENABLE_DEBUG_INFO = YES;
				ONLY_ACTIVE_ARCH = YES;
				SDKROOT = iphoneos;
				SWIFT_OPTIMIZATION_LEVEL = "-Onone";
			};
			name = Debug;
		};
		9A48CC031B697F980031791D /* Release */ = {
			isa = XCBuildConfiguration;
			buildSettings = {
				ALWAYS_SEARCH_USER_PATHS = NO;
				CLANG_CXX_LANGUAGE_STANDARD = "gnu++0x";
				CLANG_CXX_LIBRARY = "libc++";
				CLANG_ENABLE_MODULES = YES;
				CLANG_ENABLE_OBJC_ARC = YES;
				CLANG_WARN_BOOL_CONVERSION = YES;
				CLANG_WARN_CONSTANT_CONVERSION = YES;
				CLANG_WARN_DIRECT_OBJC_ISA_USAGE = YES_ERROR;
				CLANG_WARN_EMPTY_BODY = YES;
				CLANG_WARN_ENUM_CONVERSION = YES;
				CLANG_WARN_INT_CONVERSION = YES;
				CLANG_WARN_OBJC_ROOT_CLASS = YES_ERROR;
				CLANG_WARN_UNREACHABLE_CODE = YES;
				CLANG_WARN__DUPLICATE_METHOD_MATCH = YES;
				"CODE_SIGN_IDENTITY[sdk=iphoneos*]" = "iPhone Developer";
				COPY_PHASE_STRIP = NO;
				DEBUG_INFORMATION_FORMAT = "dwarf-with-dsym";
				ENABLE_NS_ASSERTIONS = NO;
				ENABLE_STRICT_OBJC_MSGSEND = YES;
				GCC_C_LANGUAGE_STANDARD = gnu99;
				GCC_NO_COMMON_BLOCKS = YES;
				GCC_WARN_64_TO_32_BIT_CONVERSION = YES;
				GCC_WARN_ABOUT_RETURN_TYPE = YES_ERROR;
				GCC_WARN_UNDECLARED_SELECTOR = YES;
				GCC_WARN_UNINITIALIZED_AUTOS = YES_AGGRESSIVE;
				GCC_WARN_UNUSED_FUNCTION = YES;
				GCC_WARN_UNUSED_VARIABLE = YES;
				IPHONEOS_DEPLOYMENT_TARGET = 8.4;
				MTL_ENABLE_DEBUG_INFO = NO;
				SDKROOT = iphoneos;
				VALIDATE_PRODUCT = YES;
			};
			name = Release;
		};
		9A48CC051B697F980031791D /* Debug */ = {
			isa = XCBuildConfiguration;
			baseConfigurationReference = 6C4A2E2D8796B1670279A42D /* Pods.debug.xcconfig */;
			buildSettings = {
				ASSETCATALOG_COMPILER_APPICON_NAME = AppIcon;
				CODE_SIGN_IDENTITY = "iPhone Developer";
				INFOPLIST_FILE = TestUICollectionPaged/Info.plist;
				IPHONEOS_DEPLOYMENT_TARGET = 8.1;
				LD_RUNPATH_SEARCH_PATHS = "$(inherited) @executable_path/Frameworks";
				PRODUCT_NAME = "$(TARGET_NAME)";
				TARGETED_DEVICE_FAMILY = 1;
			};
			name = Debug;
		};
		9A48CC061B697F980031791D /* Release */ = {
			isa = XCBuildConfiguration;
			baseConfigurationReference = 9A7AD77C7A4E8644CF11CA83 /* Pods.release.xcconfig */;
			buildSettings = {
				ASSETCATALOG_COMPILER_APPICON_NAME = AppIcon;
				CODE_SIGN_IDENTITY = "iPhone Developer";
				INFOPLIST_FILE = TestUICollectionPaged/Info.plist;
				IPHONEOS_DEPLOYMENT_TARGET = 8.1;
				LD_RUNPATH_SEARCH_PATHS = "$(inherited) @executable_path/Frameworks";
				PRODUCT_NAME = "$(TARGET_NAME)";
				TARGETED_DEVICE_FAMILY = 1;
			};
			name = Release;
		};
		9A48CC081B697F980031791D /* Debug */ = {
			isa = XCBuildConfiguration;
			buildSettings = {
				BUNDLE_LOADER = "$(TEST_HOST)";
				FRAMEWORK_SEARCH_PATHS = (
					"$(SDKROOT)/Developer/Library/Frameworks",
					"$(inherited)",
				);
				GCC_PREPROCESSOR_DEFINITIONS = (
					"DEBUG=1",
					"$(inherited)",
				);
				INFOPLIST_FILE = TestUICollectionPagedTests/Info.plist;
				LD_RUNPATH_SEARCH_PATHS = "$(inherited) @executable_path/Frameworks @loader_path/Frameworks";
				PRODUCT_NAME = "$(TARGET_NAME)";
				TEST_HOST = "$(BUILT_PRODUCTS_DIR)/TestUICollectionPaged.app/TestUICollectionPaged";
			};
			name = Debug;
		};
		9A48CC091B697F980031791D /* Release */ = {
			isa = XCBuildConfiguration;
			buildSettings = {
				BUNDLE_LOADER = "$(TEST_HOST)";
				FRAMEWORK_SEARCH_PATHS = (
					"$(SDKROOT)/Developer/Library/Frameworks",
					"$(inherited)",
				);
				INFOPLIST_FILE = TestUICollectionPagedTests/Info.plist;
				LD_RUNPATH_SEARCH_PATHS = "$(inherited) @executable_path/Frameworks @loader_path/Frameworks";
				PRODUCT_NAME = "$(TARGET_NAME)";
				TEST_HOST = "$(BUILT_PRODUCTS_DIR)/TestUICollectionPaged.app/TestUICollectionPaged";
			};
			name = Release;
		};
		9A64DBB71C328238007033B9 /* Debug */ = {
			isa = XCBuildConfiguration;
			baseConfigurationReference = 6C4A2E2D8796B1670279A42D /* Pods.debug.xcconfig */;
			buildSettings = {
				ASSETCATALOG_COMPILER_APPICON_NAME = AppIcon;
				CODE_SIGN_IDENTITY = "iPhone Developer";
				INFOPLIST_FILE = "TestUICollectionPaged copy-Info.plist";
				IPHONEOS_DEPLOYMENT_TARGET = 8.0;
				LD_RUNPATH_SEARCH_PATHS = "$(inherited) @executable_path/Frameworks";
				PRODUCT_NAME = "TestUICollectionPaged-iPad";
				TARGETED_DEVICE_FAMILY = 2;
			};
			name = Debug;
		};
		9A64DBB81C328238007033B9 /* Release */ = {
			isa = XCBuildConfiguration;
			baseConfigurationReference = 9A7AD77C7A4E8644CF11CA83 /* Pods.release.xcconfig */;
			buildSettings = {
				ASSETCATALOG_COMPILER_APPICON_NAME = AppIcon;
				CODE_SIGN_IDENTITY = "iPhone Developer";
				INFOPLIST_FILE = "TestUICollectionPaged copy-Info.plist";
				IPHONEOS_DEPLOYMENT_TARGET = 8.0;
				LD_RUNPATH_SEARCH_PATHS = "$(inherited) @executable_path/Frameworks";
				PRODUCT_NAME = "TestUICollectionPaged-iPad";
				TARGETED_DEVICE_FAMILY = 2;
			};
			name = Release;
		};
		9A64DBD91C329A14007033B9 /* Debug */ = {
			isa = XCBuildConfiguration;
			buildSettings = {
				DEBUG_INFORMATION_FORMAT = dwarf;
				ENABLE_TESTABILITY = YES;
				INFOPLIST_FILE = TestUICollectionPagedUITests/Info.plist;
				IPHONEOS_DEPLOYMENT_TARGET = 9.2;
				LD_RUNPATH_SEARCH_PATHS = "$(inherited) @executable_path/Frameworks @loader_path/Frameworks";
				PRODUCT_BUNDLE_IDENTIFIER = be.agilys.TestUICollectionPagedUITests;
				PRODUCT_NAME = "$(TARGET_NAME)";
				TEST_TARGET_NAME = TestUICollectionPaged;
				USES_XCTRUNNER = YES;
			};
			name = Debug;
		};
		9A64DBDA1C329A14007033B9 /* Release */ = {
			isa = XCBuildConfiguration;
			buildSettings = {
				INFOPLIST_FILE = TestUICollectionPagedUITests/Info.plist;
				IPHONEOS_DEPLOYMENT_TARGET = 9.2;
				LD_RUNPATH_SEARCH_PATHS = "$(inherited) @executable_path/Frameworks @loader_path/Frameworks";
				PRODUCT_BUNDLE_IDENTIFIER = be.agilys.TestUICollectionPagedUITests;
				PRODUCT_NAME = "$(TARGET_NAME)";
				TEST_TARGET_NAME = TestUICollectionPaged;
				USES_XCTRUNNER = YES;
			};
			name = Release;
		};
/* End XCBuildConfiguration section */

/* Begin XCConfigurationList section */
		9A48CBE01B697F980031791D /* Build configuration list for PBXProject "TestUICollectionPaged" */ = {
			isa = XCConfigurationList;
			buildConfigurations = (
				9A48CC021B697F980031791D /* Debug */,
				9A48CC031B697F980031791D /* Release */,
			);
			defaultConfigurationIsVisible = 0;
			defaultConfigurationName = Release;
		};
		9A48CC041B697F980031791D /* Build configuration list for PBXNativeTarget "TestUICollectionPaged" */ = {
			isa = XCConfigurationList;
			buildConfigurations = (
				9A48CC051B697F980031791D /* Debug */,
				9A48CC061B697F980031791D /* Release */,
			);
			defaultConfigurationIsVisible = 0;
			defaultConfigurationName = Release;
		};
		9A48CC071B697F980031791D /* Build configuration list for PBXNativeTarget "TestUICollectionPagedTests" */ = {
			isa = XCConfigurationList;
			buildConfigurations = (
				9A48CC081B697F980031791D /* Debug */,
				9A48CC091B697F980031791D /* Release */,
			);
			defaultConfigurationIsVisible = 0;
			defaultConfigurationName = Release;
		};
		9A64DBB61C328238007033B9 /* Build configuration list for PBXNativeTarget "TestUICollectionPaged-iPad" */ = {
			isa = XCConfigurationList;
			buildConfigurations = (
				9A64DBB71C328238007033B9 /* Debug */,
				9A64DBB81C328238007033B9 /* Release */,
			);
			defaultConfigurationIsVisible = 0;
			defaultConfigurationName = Release;
		};
		9A64DBD81C329A14007033B9 /* Build configuration list for PBXNativeTarget "TestUICollectionPagedUITests" */ = {
			isa = XCConfigurationList;
			buildConfigurations = (
				9A64DBD91C329A14007033B9 /* Debug */,
				9A64DBDA1C329A14007033B9 /* Release */,
			);
			defaultConfigurationIsVisible = 0;
			defaultConfigurationName = Release;
		};
/* End XCConfigurationList section */
	};
	rootObject = 9A48CBDD1B697F980031791D /* Project object */;
}
